<Solution>
  <Project Path="VotingSystem.Api/VotingSystem.Api.csproj" />
  <Project Path="tests/VotingSystem.Api.Tests/VotingSystem.Api.Tests.csproj" />
  <Project Path="tests/VotingSystem.Api.Tests.Integration/VotingSystem.Api.Tests.Integration.csproj" />
  <Project Path="tests/VotingSystem.Api.Tests.Database/VotingSystem.Api.Tests.Database.csproj" />
</Solution>
